// !$*UTF8*$!
{
	archiveVersion = 1;
	classes = {
	};
	objectVersion = 46;
	objects = {

/* Begin PBXBuildFile section */
		AC24055E1C56D8B500F96E89 /* main.m in Sources */ = {isa = PBXBuildFile; fileRef = AC24055D1C56D8B500F96E89 /* main.m */; };
		AC2405611C56D8B500F96E89 /* AppDelegate.m in Sources */ = {isa = PBXBuildFile; fileRef = AC2405601C56D8B500F96E89 /* AppDelegate.m */; };
		AC2405641C56D8B500F96E89 /* ViewController.m in Sources */ = {isa = PBXBuildFile; fileRef = AC2405631C56D8B500F96E89 /* ViewController.m */; };
		AC2405671C56D8B500F96E89 /* Main.storyboard in Resources */ = {isa = PBXBuildFile; fileRef = AC2405651C56D8B500F96E89 /* Main.storyboard */; };
		AC2405691C56D8B500F96E89 /* Assets.xcassets in Resources */ = {isa = PBXBuildFile; fileRef = AC2405681C56D8B500F96E89 /* Assets.xcassets */; };
		AC24056C1C56D8B500F96E89 /* LaunchScreen.storyboard in Resources */ = {isa = PBXBuildFile; fileRef = AC24056A1C56D8B500F96E89 /* LaunchScreen.storyboard */; };
		AC2405771C56D8B500F96E89 /* ios_TestsTests.m in Sources */ = {isa = PBXBuildFile; fileRef = AC2405761C56D8B500F96E89 /* ios_TestsTests.m */; };
		AC2405821C56D8B500F96E89 /* ios_TestsUITests.m in Sources */ = {isa = PBXBuildFile; fileRef = AC2405811C56D8B500F96E89 /* ios_TestsUITests.m */; };
		AC2405911C56D8DB00F96E89 /* Reminder.m in Sources */ = {isa = PBXBuildFile; fileRef = AC2405901C56D8DB00F96E89 /* Reminder.m */; };
		D7433378301194CCF19642F1 /* libPods.a in Frameworks */ = {isa = PBXBuildFile; fileRef = 0129C702FA5254B0B29E6612 /* libPods.a */; };
/* End PBXBuildFile section */

/* Begin PBXContainerItemProxy section */
		AC2405731C56D8B500F96E89 /* PBXContainerItemProxy */ = {
			isa = PBXContainerItemProxy;
			containerPortal = AC2405511C56D8B400F96E89 /* Project object */;
			proxyType = 1;
			remoteGlobalIDString = AC2405581C56D8B400F96E89;
			remoteInfo = "ios-Tests";
		};
		AC24057E1C56D8B500F96E89 /* PBXContainerItemProxy */ = {
			isa = PBXContainerItemProxy;
			containerPortal = AC2405511C56D8B400F96E89 /* Project object */;
			proxyType = 1;
			remoteGlobalIDString = AC2405581C56D8B400F96E89;
			remoteInfo = "ios-Tests";
		};
/* End PBXContainerItemProxy section */

/* Begin PBXFileReference section */
		0129C702FA5254B0B29E6612 /* libPods.a */ = {isa = PBXFileReference; explicitFileType = archive.ar; includeInIndex = 0; path = libPods.a; sourceTree = BUILT_PRODUCTS_DIR; };
		5B781B07522829B4735E717D /* Pods.debug.xcconfig */ = {isa = PBXFileReference; includeInIndex = 1; lastKnownFileType = text.xcconfig; name = Pods.debug.xcconfig; path = "Pods/Target Support Files/Pods/Pods.debug.xcconfig"; sourceTree = "<group>"; };
		AC2405591C56D8B400F96E89 /* ios-Tests.app */ = {isa = PBXFileReference; explicitFileType = wrapper.application; includeInIndex = 0; path = "ios-Tests.app"; sourceTree = BUILT_PRODUCTS_DIR; };
		AC24055D1C56D8B500F96E89 /* main.m */ = {isa = PBXFileReference; lastKnownFileType = sourcecode.c.objc; path = main.m; sourceTree = "<group>"; };
		AC24055F1C56D8B500F96E89 /* AppDelegate.h */ = {isa = PBXFileReference; lastKnownFileType = sourcecode.c.h; path = AppDelegate.h; sourceTree = "<group>"; };
		AC2405601C56D8B500F96E89 /* AppDelegate.m */ = {isa = PBXFileReference; lastKnownFileType = sourcecode.c.objc; path = AppDelegate.m; sourceTree = "<group>"; };
		AC2405621C56D8B500F96E89 /* ViewController.h */ = {isa = PBXFileReference; lastKnownFileType = sourcecode.c.h; path = ViewController.h; sourceTree = "<group>"; };
		AC2405631C56D8B500F96E89 /* ViewController.m */ = {isa = PBXFileReference; lastKnownFileType = sourcecode.c.objc; path = ViewController.m; sourceTree = "<group>"; };
		AC2405661C56D8B500F96E89 /* Base */ = {isa = PBXFileReference; lastKnownFileType = file.storyboard; name = Base; path = Base.lproj/Main.storyboard; sourceTree = "<group>"; };
		AC2405681C56D8B500F96E89 /* Assets.xcassets */ = {isa = PBXFileReference; lastKnownFileType = folder.assetcatalog; path = Assets.xcassets; sourceTree = "<group>"; };
		AC24056B1C56D8B500F96E89 /* Base */ = {isa = PBXFileReference; lastKnownFileType = file.storyboard; name = Base; path = Base.lproj/LaunchScreen.storyboard; sourceTree = "<group>"; };
		AC24056D1C56D8B500F96E89 /* Info.plist */ = {isa = PBXFileReference; lastKnownFileType = text.plist.xml; path = Info.plist; sourceTree = "<group>"; };
		AC2405721C56D8B500F96E89 /* ios-TestsTests.xctest */ = {isa = PBXFileReference; explicitFileType = wrapper.cfbundle; includeInIndex = 0; path = "ios-TestsTests.xctest"; sourceTree = BUILT_PRODUCTS_DIR; };
		AC2405761C56D8B500F96E89 /* ios_TestsTests.m */ = {isa = PBXFileReference; lastKnownFileType = sourcecode.c.objc; path = ios_TestsTests.m; sourceTree = "<group>"; };
		AC2405781C56D8B500F96E89 /* Info.plist */ = {isa = PBXFileReference; lastKnownFileType = text.plist.xml; path = Info.plist; sourceTree = "<group>"; };
		AC24057D1C56D8B500F96E89 /* ios-TestsUITests.xctest */ = {isa = PBXFileReference; explicitFileType = wrapper.cfbundle; includeInIndex = 0; path = "ios-TestsUITests.xctest"; sourceTree = BUILT_PRODUCTS_DIR; };
		AC2405811C56D8B500F96E89 /* ios_TestsUITests.m */ = {isa = PBXFileReference; lastKnownFileType = sourcecode.c.objc; path = ios_TestsUITests.m; sourceTree = "<group>"; };
		AC2405831C56D8B500F96E89 /* Info.plist */ = {isa = PBXFileReference; lastKnownFileType = text.plist.xml; path = Info.plist; sourceTree = "<group>"; };
		AC24058F1C56D8DB00F96E89 /* Reminder.h */ = {isa = PBXFileReference; fileEncoding = 4; lastKnownFileType = sourcecode.c.h; path = Reminder.h; sourceTree = "<group>"; };
		AC2405901C56D8DB00F96E89 /* Reminder.m */ = {isa = PBXFileReference; fileEncoding = 4; lastKnownFileType = sourcecode.c.objc; path = Reminder.m; sourceTree = "<group>"; };
		C704215F70411E66AC9B3E42 /* Pods.release.xcconfig */ = {isa = PBXFileReference; includeInIndex = 1; lastKnownFileType = text.xcconfig; name = Pods.release.xcconfig; path = "Pods/Target Support Files/Pods/Pods.release.xcconfig"; sourceTree = "<group>"; };
/* End PBXFileReference section */

/* Begin PBXFrameworksBuildPhase section */
		AC2405561C56D8B400F96E89 /* Frameworks */ = {
			isa = PBXFrameworksBuildPhase;
			buildActionMask = 2147483647;
			files = (
				D7433378301194CCF19642F1 /* libPods.a in Frameworks */,
			);
			runOnlyForDeploymentPostprocessing = 0;
		};
		AC24056F1C56D8B500F96E89 /* Frameworks */ = {
			isa = PBXFrameworksBuildPhase;
			buildActionMask = 2147483647;
			files = (
			);
			runOnlyForDeploymentPostprocessing = 0;
		};
		AC24057A1C56D8B500F96E89 /* Frameworks */ = {
			isa = PBXFrameworksBuildPhase;
			buildActionMask = 2147483647;
			files = (
			);
			runOnlyForDeploymentPostprocessing = 0;
		};
/* End PBXFrameworksBuildPhase section */

/* Begin PBXGroup section */
		96F9F20BD2C2138330738C0C /* Pods */ = {
			isa = PBXGroup;
			children = (
				5B781B07522829B4735E717D /* Pods.debug.xcconfig */,
				C704215F70411E66AC9B3E42 /* Pods.release.xcconfig */,
			);
			name = Pods;
			sourceTree = "<group>";
		};
		AC2405501C56D8B400F96E89 = {
			isa = PBXGroup;
			children = (
				AC24055B1C56D8B500F96E89 /* ios-Tests */,
				AC2405751C56D8B500F96E89 /* ios-TestsTests */,
				AC2405801C56D8B500F96E89 /* ios-TestsUITests */,
				AC24055A1C56D8B400F96E89 /* Products */,
				96F9F20BD2C2138330738C0C /* Pods */,
				D514175A66DE77781F6DA35D /* Frameworks */,
			);
			sourceTree = "<group>";
		};
		AC24055A1C56D8B400F96E89 /* Products */ = {
			isa = PBXGroup;
			children = (
				AC2405591C56D8B400F96E89 /* ios-Tests.app */,
				AC2405721C56D8B500F96E89 /* ios-TestsTests.xctest */,
				AC24057D1C56D8B500F96E89 /* ios-TestsUITests.xctest */,
			);
			name = Products;
			sourceTree = "<group>";
		};
		AC24055B1C56D8B500F96E89 /* ios-Tests */ = {
			isa = PBXGroup;
			children = (
				AC24055F1C56D8B500F96E89 /* AppDelegate.h */,
				AC2405601C56D8B500F96E89 /* AppDelegate.m */,
				AC2405621C56D8B500F96E89 /* ViewController.h */,
				AC2405631C56D8B500F96E89 /* ViewController.m */,
				AC2405651C56D8B500F96E89 /* Main.storyboard */,
				AC2405681C56D8B500F96E89 /* Assets.xcassets */,
				AC24056A1C56D8B500F96E89 /* LaunchScreen.storyboard */,
				AC24056D1C56D8B500F96E89 /* Info.plist */,
				AC24055C1C56D8B500F96E89 /* Supporting Files */,
				AC24058F1C56D8DB00F96E89 /* Reminder.h */,
				AC2405901C56D8DB00F96E89 /* Reminder.m */,
			);
			path = "ios-Tests";
			sourceTree = "<group>";
		};
		AC24055C1C56D8B500F96E89 /* Supporting Files */ = {
			isa = PBXGroup;
			children = (
				AC24055D1C56D8B500F96E89 /* main.m */,
			);
			name = "Supporting Files";
			sourceTree = "<group>";
		};
		AC2405751C56D8B500F96E89 /* ios-TestsTests */ = {
			isa = PBXGroup;
			children = (
				AC2405761C56D8B500F96E89 /* ios_TestsTests.m */,
				AC2405781C56D8B500F96E89 /* Info.plist */,
			);
			path = "ios-TestsTests";
			sourceTree = "<group>";
		};
		AC2405801C56D8B500F96E89 /* ios-TestsUITests */ = {
			isa = PBXGroup;
			children = (
				AC2405811C56D8B500F96E89 /* ios_TestsUITests.m */,
				AC2405831C56D8B500F96E89 /* Info.plist */,
			);
			path = "ios-TestsUITests";
			sourceTree = "<group>";
		};
		D514175A66DE77781F6DA35D /* Frameworks */ = {
			isa = PBXGroup;
			children = (
				0129C702FA5254B0B29E6612 /* libPods.a */,
			);
			name = Frameworks;
			sourceTree = "<group>";
		};
/* End PBXGroup section */

/* Begin PBXNativeTarget section */
		AC2405581C56D8B400F96E89 /* ios-Tests */ = {
			isa = PBXNativeTarget;
			buildConfigurationList = AC2405861C56D8B500F96E89 /* Build configuration list for PBXNativeTarget "ios-Tests" */;
			buildPhases = (
				EDCC1D3CD88FA03923E434A2 /* Check Pods Manifest.lock */,
				AC2405551C56D8B400F96E89 /* Sources */,
				AC2405561C56D8B400F96E89 /* Frameworks */,
				AC2405571C56D8B400F96E89 /* Resources */,
				80957E91FD7B5FB4C8488D39 /* Embed Pods Frameworks */,
				2248B5F844F33AB322B45E82 /* Copy Pods Resources */,
			);
			buildRules = (
			);
			dependencies = (
			);
			name = "ios-Tests";
			productName = "ios-Tests";
			productReference = AC2405591C56D8B400F96E89 /* ios-Tests.app */;
			productType = "com.apple.product-type.application";
		};
		AC2405711C56D8B500F96E89 /* ios-TestsTests */ = {
			isa = PBXNativeTarget;
			buildConfigurationList = AC2405891C56D8B500F96E89 /* Build configuration list for PBXNativeTarget "ios-TestsTests" */;
			buildPhases = (
				AC24056E1C56D8B500F96E89 /* Sources */,
				AC24056F1C56D8B500F96E89 /* Frameworks */,
				AC2405701C56D8B500F96E89 /* Resources */,
			);
			buildRules = (
			);
			dependencies = (
				AC2405741C56D8B500F96E89 /* PBXTargetDependency */,
			);
			name = "ios-TestsTests";
			productName = "ios-TestsTests";
			productReference = AC2405721C56D8B500F96E89 /* ios-TestsTests.xctest */;
			productType = "com.apple.product-type.bundle.unit-test";
		};
		AC24057C1C56D8B500F96E89 /* ios-TestsUITests */ = {
			isa = PBXNativeTarget;
			buildConfigurationList = AC24058C1C56D8B500F96E89 /* Build configuration list for PBXNativeTarget "ios-TestsUITests" */;
			buildPhases = (
				AC2405791C56D8B500F96E89 /* Sources */,
				AC24057A1C56D8B500F96E89 /* Frameworks */,
				AC24057B1C56D8B500F96E89 /* Resources */,
			);
			buildRules = (
			);
			dependencies = (
				AC24057F1C56D8B500F96E89 /* PBXTargetDependency */,
			);
			name = "ios-TestsUITests";
			productName = "ios-TestsUITests";
			productReference = AC24057D1C56D8B500F96E89 /* ios-TestsUITests.xctest */;
			productType = "com.apple.product-type.bundle.ui-testing";
		};
/* End PBXNativeTarget section */

/* Begin PBXProject section */
		AC2405511C56D8B400F96E89 /* Project object */ = {
			isa = PBXProject;
			attributes = {
				LastUpgradeCheck = 0720;
				ORGANIZATIONNAME = Bocamuchas;
				TargetAttributes = {
					AC2405581C56D8B400F96E89 = {
						CreatedOnToolsVersion = 7.2;
					};
					AC2405711C56D8B500F96E89 = {
						CreatedOnToolsVersion = 7.2;
						TestTargetID = AC2405581C56D8B400F96E89;
					};
					AC24057C1C56D8B500F96E89 = {
						CreatedOnToolsVersion = 7.2;
						TestTargetID = AC2405581C56D8B400F96E89;
					};
				};
			};
			buildConfigurationList = AC2405541C56D8B400F96E89 /* Build configuration list for PBXProject "ios-Tests" */;
			compatibilityVersion = "Xcode 3.2";
			developmentRegion = English;
			hasScannedForEncodings = 0;
			knownRegions = (
				en,
				Base,
			);
			mainGroup = AC2405501C56D8B400F96E89;
			productRefGroup = AC24055A1C56D8B400F96E89 /* Products */;
			projectDirPath = "";
			projectRoot = "";
			targets = (
				AC2405581C56D8B400F96E89 /* ios-Tests */,
				AC2405711C56D8B500F96E89 /* ios-TestsTests */,
				AC24057C1C56D8B500F96E89 /* ios-TestsUITests */,
			);
		};
/* End PBXProject section */

/* Begin PBXResourcesBuildPhase section */
		AC2405571C56D8B400F96E89 /* Resources */ = {
			isa = PBXResourcesBuildPhase;
			buildActionMask = 2147483647;
			files = (
				AC24056C1C56D8B500F96E89 /* LaunchScreen.storyboard in Resources */,
				AC2405691C56D8B500F96E89 /* Assets.xcassets in Resources */,
				AC2405671C56D8B500F96E89 /* Main.storyboard in Resources */,
			);
			runOnlyForDeploymentPostprocessing = 0;
		};
		AC2405701C56D8B500F96E89 /* Resources */ = {
			isa = PBXResourcesBuildPhase;
			buildActionMask = 2147483647;
			files = (
			);
			runOnlyForDeploymentPostprocessing = 0;
		};
		AC24057B1C56D8B500F96E89 /* Resources */ = {
			isa = PBXResourcesBuildPhase;
			buildActionMask = 2147483647;
			files = (
			);
			runOnlyForDeploymentPostprocessing = 0;
		};
/* End PBXResourcesBuildPhase section */

/* Begin PBXShellScriptBuildPhase section */
		2248B5F844F33AB322B45E82 /* Copy Pods Resources */ = {
			isa = PBXShellScriptBuildPhase;
			buildActionMask = 2147483647;
			files = (
			);
			inputPaths = (
			);
			name = "Copy Pods Resources";
			outputPaths = (
			);
			runOnlyForDeploymentPostprocessing = 0;
			shellPath = /bin/sh;
			shellScript = "\"${SRCROOT}/Pods/Target Support Files/Pods/Pods-resources.sh\"\n";
			showEnvVarsInLog = 0;
		};
		80957E91FD7B5FB4C8488D39 /* Embed Pods Frameworks */ = {
			isa = PBXShellScriptBuildPhase;
			buildActionMask = 2147483647;
			files = (
			);
			inputPaths = (
			);
			name = "Embed Pods Frameworks";
			outputPaths = (
			);
			runOnlyForDeploymentPostprocessing = 0;
			shellPath = /bin/sh;
			shellScript = "\"${SRCROOT}/Pods/Target Support Files/Pods/Pods-frameworks.sh\"\n";
			showEnvVarsInLog = 0;
		};
		EDCC1D3CD88FA03923E434A2 /* Check Pods Manifest.lock */ = {
			isa = PBXShellScriptBuildPhase;
			buildActionMask = 2147483647;
			files = (
			);
			inputPaths = (
			);
			name = "Check Pods Manifest.lock";
			outputPaths = (
			);
			runOnlyForDeploymentPostprocessing = 0;
			shellPath = /bin/sh;
			shellScript = "diff \"${PODS_ROOT}/../Podfile.lock\" \"${PODS_ROOT}/Manifest.lock\" > /dev/null\nif [[ $? != 0 ]] ; then\n    cat << EOM\nerror: The sandbox is not in sync with the Podfile.lock. Run 'pod install' or update your CocoaPods installation.\nEOM\n    exit 1\nfi\n";
			showEnvVarsInLog = 0;
		};
/* End PBXShellScriptBuildPhase section */

/* Begin PBXSourcesBuildPhase section */
		AC2405551C56D8B400F96E89 /* Sources */ = {
			isa = PBXSourcesBuildPhase;
			buildActionMask = 2147483647;
			files = (
				AC2405641C56D8B500F96E89 /* ViewController.m in Sources */,
				AC2405611C56D8B500F96E89 /* AppDelegate.m in Sources */,
				AC24055E1C56D8B500F96E89 /* main.m in Sources */,
				AC2405911C56D8DB00F96E89 /* Reminder.m in Sources */,
			);
			runOnlyForDeploymentPostprocessing = 0;
		};
		AC24056E1C56D8B500F96E89 /* Sources */ = {
			isa = PBXSourcesBuildPhase;
			buildActionMask = 2147483647;
			files = (
				AC2405771C56D8B500F96E89 /* ios_TestsTests.m in Sources */,
			);
			runOnlyForDeploymentPostprocessing = 0;
		};
		AC2405791C56D8B500F96E89 /* Sources */ = {
			isa = PBXSourcesBuildPhase;
			buildActionMask = 2147483647;
			files = (
				AC2405821C56D8B500F96E89 /* ios_TestsUITests.m in Sources */,
			);
			runOnlyForDeploymentPostprocessing = 0;
		};
/* End PBXSourcesBuildPhase section */

/* Begin PBXTargetDependency section */
		AC2405741C56D8B500F96E89 /* PBXTargetDependency */ = {
			isa = PBXTargetDependency;
			target = AC2405581C56D8B400F96E89 /* ios-Tests */;
			targetProxy = AC2405731C56D8B500F96E89 /* PBXContainerItemProxy */;
		};
		AC24057F1C56D8B500F96E89 /* PBXTargetDependency */ = {
			isa = PBXTargetDependency;
			target = AC2405581C56D8B400F96E89 /* ios-Tests */;
			targetProxy = AC24057E1C56D8B500F96E89 /* PBXContainerItemProxy */;
		};
/* End PBXTargetDependency section */

/* Begin PBXVariantGroup section */
		AC2405651C56D8B500F96E89 /* Main.storyboard */ = {
			isa = PBXVariantGroup;
			children = (
				AC2405661C56D8B500F96E89 /* Base */,
			);
			name = Main.storyboard;
			sourceTree = "<group>";
		};
		AC24056A1C56D8B500F96E89 /* LaunchScreen.storyboard */ = {
			isa = PBXVariantGroup;
			children = (
				AC24056B1C56D8B500F96E89 /* Base */,
			);
			name = LaunchScreen.storyboard;
			sourceTree = "<group>";
		};
/* End PBXVariantGroup section */

/* Begin XCBuildConfiguration section */
		AC2405841C56D8B500F96E89 /* Debug */ = {
			isa = XCBuildConfiguration;
			buildSettings = {
				ALWAYS_SEARCH_USER_PATHS = NO;
				CLANG_CXX_LANGUAGE_STANDARD = "gnu++0x";
				CLANG_CXX_LIBRARY = "libc++";
				CLANG_ENABLE_MODULES = YES;
				CLANG_ENABLE_OBJC_ARC = YES;
				CLANG_WARN_BOOL_CONVERSION = YES;
				CLANG_WARN_CONSTANT_CONVERSION = YES;
				CLANG_WARN_DIRECT_OBJC_ISA_USAGE = YES_ERROR;
				CLANG_WARN_EMPTY_BODY = YES;
				CLANG_WARN_ENUM_CONVERSION = YES;
				CLANG_WARN_INT_CONVERSION = YES;
				CLANG_WARN_OBJC_ROOT_CLASS = YES_ERROR;
				CLANG_WARN_UNREACHABLE_CODE = YES;
				CLANG_WARN__DUPLICATE_METHOD_MATCH = YES;
				"CODE_SIGN_IDENTITY[sdk=iphoneos*]" = "iPhone Developer";
				COPY_PHASE_STRIP = NO;
				DEBUG_INFORMATION_FORMAT = dwarf;
				ENABLE_STRICT_OBJC_MSGSEND = YES;
				ENABLE_TESTABILITY = YES;
				GCC_C_LANGUAGE_STANDARD = gnu99;
				GCC_DYNAMIC_NO_PIC = NO;
				GCC_NO_COMMON_BLOCKS = YES;
				GCC_OPTIMIZATION_LEVEL = 0;
				GCC_PREPROCESSOR_DEFINITIONS = (
					"DEBUG=1",
					"$(inherited)",
				);
				GCC_WARN_64_TO_32_BIT_CONVERSION = YES;
				GCC_WARN_ABOUT_RETURN_TYPE = YES_ERROR;
				GCC_WARN_UNDECLARED_SELECTOR = YES;
				GCC_WARN_UNINITIALIZED_AUTOS = YES_AGGRESSIVE;
				GCC_WARN_UNUSED_FUNCTION = YES;
				GCC_WARN_UNUSED_VARIABLE = YES;
				IPHONEOS_DEPLOYMENT_TARGET = 9.2;
				MTL_ENABLE_DEBUG_INFO = YES;
				ONLY_ACTIVE_ARCH = YES;
				SDKROOT = iphoneos;
			};
			name = Debug;
		};
		AC2405851C56D8B500F96E89 /* Release */ = {
			isa = XCBuildConfiguration;
			buildSettings = {
				ALWAYS_SEARCH_USER_PATHS = NO;
				CLANG_CXX_LANGUAGE_STANDARD = "gnu++0x";
				CLANG_CXX_LIBRARY = "libc++";
				CLANG_ENABLE_MODULES = YES;
				CLANG_ENABLE_OBJC_ARC = YES;
				CLANG_WARN_BOOL_CONVERSION = YES;
				CLANG_WARN_CONSTANT_CONVERSION = YES;
				CLANG_WARN_DIRECT_OBJC_ISA_USAGE = YES_ERROR;
				CLANG_WARN_EMPTY_BODY = YES;
				CLANG_WARN_ENUM_CONVERSION = YES;
				CLANG_WARN_INT_CONVERSION = YES;
				CLANG_WARN_OBJC_ROOT_CLASS = YES_ERROR;
				CLANG_WARN_UNREACHABLE_CODE = YES;
				CLANG_WARN__DUPLICATE_METHOD_MATCH = YES;
				"CODE_SIGN_IDENTITY[sdk=iphoneos*]" = "iPhone Developer";
				COPY_PHASE_STRIP = NO;
				DEBUG_INFORMATION_FORMAT = "dwarf-with-dsym";
				ENABLE_NS_ASSERTIONS = NO;
				ENABLE_STRICT_OBJC_MSGSEND = YES;
				GCC_C_LANGUAGE_STANDARD = gnu99;
				GCC_NO_COMMON_BLOCKS = YES;
				GCC_WARN_64_TO_32_BIT_CONVERSION = YES;
				GCC_WARN_ABOUT_RETURN_TYPE = YES_ERROR;
				GCC_WARN_UNDECLARED_SELECTOR = YES;
				GCC_WARN_UNINITIALIZED_AUTOS = YES_AGGRESSIVE;
				GCC_WARN_UNUSED_FUNCTION = YES;
				GCC_WARN_UNUSED_VARIABLE = YES;
				IPHONEOS_DEPLOYMENT_TARGET = 9.2;
				MTL_ENABLE_DEBUG_INFO = NO;
				SDKROOT = iphoneos;
				VALIDATE_PRODUCT = YES;
			};
			name = Release;
		};
		AC2405871C56D8B500F96E89 /* Debug */ = {
			isa = XCBuildConfiguration;
			baseConfigurationReference = 5B781B07522829B4735E717D /* Pods.debug.xcconfig */;
			buildSettings = {
				ASSETCATALOG_COMPILER_APPICON_NAME = AppIcon;
				INFOPLIST_FILE = "ios-Tests/Info.plist";
				LD_RUNPATH_SEARCH_PATHS = "$(inherited) @executable_path/Frameworks";
				PRODUCT_BUNDLE_IDENTIFIER = "org.bocamuchas.ios-Tests";
				PRODUCT_NAME = "$(TARGET_NAME)";
			};
			name = Debug;
		};
		AC2405881C56D8B500F96E89 /* Release */ = {
			isa = XCBuildConfiguration;
			baseConfigurationReference = C704215F70411E66AC9B3E42 /* Pods.release.xcconfig */;
			buildSettings = {
				ASSETCATALOG_COMPILER_APPICON_NAME = AppIcon;
				INFOPLIST_FILE = "ios-Tests/Info.plist";
				LD_RUNPATH_SEARCH_PATHS = "$(inherited) @executable_path/Frameworks";
				PRODUCT_BUNDLE_IDENTIFIER = "org.bocamuchas.ios-Tests";
				PRODUCT_NAME = "$(TARGET_NAME)";
			};
			name = Release;
		};
		AC24058A1C56D8B500F96E89 /* Debug */ = {
			isa = XCBuildConfiguration;
			buildSettings = {
				BUNDLE_LOADER = "$(TEST_HOST)";
				INFOPLIST_FILE = "ios-TestsTests/Info.plist";
				LD_RUNPATH_SEARCH_PATHS = "$(inherited) @executable_path/Frameworks @loader_path/Frameworks";
				PRODUCT_BUNDLE_IDENTIFIER = "org.bocamuchas.ios-TestsTests";
				PRODUCT_NAME = "$(TARGET_NAME)";
				TEST_HOST = "$(BUILT_PRODUCTS_DIR)/ios-Tests.app/ios-Tests";
			};
			name = Debug;
		};
		AC24058B1C56D8B500F96E89 /* Release */ = {
			isa = XCBuildConfiguration;
			buildSettings = {
				BUNDLE_LOADER = "$(TEST_HOST)";
				INFOPLIST_FILE = "ios-TestsTests/Info.plist";
				LD_RUNPATH_SEARCH_PATHS = "$(inherited) @executable_path/Frameworks @loader_path/Frameworks";
				PRODUCT_BUNDLE_IDENTIFIER = "org.bocamuchas.ios-TestsTests";
				PRODUCT_NAME = "$(TARGET_NAME)";
				TEST_HOST = "$(BUILT_PRODUCTS_DIR)/ios-Tests.app/ios-Tests";
			};
			name = Release;
		};
		AC24058D1C56D8B500F96E89 /* Debug */ = {
			isa = XCBuildConfiguration;
			buildSettings = {
				INFOPLIST_FILE = "ios-TestsUITests/Info.plist";
				LD_RUNPATH_SEARCH_PATHS = "$(inherited) @executable_path/Frameworks @loader_path/Frameworks";
				PRODUCT_BUNDLE_IDENTIFIER = "org.bocamuchas.ios-TestsUITests";
				PRODUCT_NAME = "$(TARGET_NAME)";
				TEST_TARGET_NAME = "ios-Tests";
				USES_XCTRUNNER = YES;
			};
			name = Debug;
		};
		AC24058E1C56D8B500F96E89 /* Release */ = {
			isa = XCBuildConfiguration;
			buildSettings = {
				INFOPLIST_FILE = "ios-TestsUITests/Info.plist";
				LD_RUNPATH_SEARCH_PATHS = "$(inherited) @executable_path/Frameworks @loader_path/Frameworks";
				PRODUCT_BUNDLE_IDENTIFIER = "org.bocamuchas.ios-TestsUITests";
				PRODUCT_NAME = "$(TARGET_NAME)";
				TEST_TARGET_NAME = "ios-Tests";
				USES_XCTRUNNER = YES;
			};
			name = Release;
		};
/* End XCBuildConfiguration section */

/* Begin XCConfigurationList section */
		AC2405541C56D8B400F96E89 /* Build configuration list for PBXProject "ios-Tests" */ = {
			isa = XCConfigurationList;
			buildConfigurations = (
				AC2405841C56D8B500F96E89 /* Debug */,
				AC2405851C56D8B500F96E89 /* Release */,
			);
			defaultConfigurationIsVisible = 0;
			defaultConfigurationName = Release;
		};
		AC2405861C56D8B500F96E89 /* Build configuration list for PBXNativeTarget "ios-Tests" */ = {
			isa = XCConfigurationList;
			buildConfigurations = (
				AC2405871C56D8B500F96E89 /* Debug */,
				AC2405881C56D8B500F96E89 /* Release */,
			);
			defaultConfigurationIsVisible = 0;
			defaultConfigurationName = Release;
		};
		AC2405891C56D8B500F96E89 /* Build configuration list for PBXNativeTarget "ios-TestsTests" */ = {
			isa = XCConfigurationList;
			buildConfigurations = (
				AC24058A1C56D8B500F96E89 /* Debug */,
				AC24058B1C56D8B500F96E89 /* Release */,
			);
			defaultConfigurationIsVisible = 0;
			defaultConfigurationName = Release;
		};
		AC24058C1C56D8B500F96E89 /* Build configuration list for PBXNativeTarget "ios-TestsUITests" */ = {
			isa = XCConfigurationList;
			buildConfigurations = (
				AC24058D1C56D8B500F96E89 /* Debug */,
				AC24058E1C56D8B500F96E89 /* Release */,
			);
			defaultConfigurationIsVisible = 0;
			defaultConfigurationName = Release;
		};
/* End XCConfigurationList section */
	};
	rootObject = AC2405511C56D8B400F96E89 /* Project object */;
}
